Microsoft Visual Studio Solution File, Format Version 12.00
# Visual Studio Version 17
VisualStudioVersion = 17.5.2.0
MinimumVisualStudioVersion = 10.0.40219.1
Project("{2150E333-8FDC-42A3-9474-1A3956D46DE8}") = "cosmos-sdk", "cosmos-sdk", "{AD773FBE-CFCA-A6EF-E9EC-7C1AB31E02D5}"
EndProject
Project("{2150E333-8FDC-42A3-9474-1A3956D46DE8}") = "04-sdk-connect", "04-sdk-connect", "{1469ACE8-2443-34A5-B1D2-34FD0EB495E8}"
EndProject
Project("{FAE04EC0-301F-11D3-BF4B-00C04F79EFBC}") = "app", "cosmos-sdk\04-sdk-connect\app.csproj", "{356D5FDD-B431-D37A-780A-52C4E65C4614}"
EndProject
Project("{2150E333-8FDC-42A3-9474-1A3956D46DE8}") = "05-sdk-offline", "05-sdk-offline", "{90AAA34C-3389-EF7C-D429-1EED737E4F36}"
EndProject
Project("{FAE04EC0-301F-11D3-BF4B-00C04F79EFBC}") = "app", "cosmos-sdk\05-sdk-offline\app.csproj", "{34DF5E3E-4ED7-3931-4EDB-1C69254903DC}"
EndProject
Project("{2150E333-8FDC-42A3-9474-1A3956D46DE8}") = "06-sdk-crud", "06-sdk-crud", "{5B2D8C1D-EEF5-DFDA-C4BB-C45A3B102EB5}"
EndProject
Project("{FAE04EC0-301F-11D3-BF4B-00C04F79EFBC}") = "app", "cosmos-sdk\06-sdk-crud\app.csproj", "{EE614271-75BF-2584-042C-F542A9CA136C}"
EndProject
Project("{2150E333-8FDC-42A3-9474-1A3956D46DE8}") = "07-sdk-batch", "07-sdk-batch", "{A0D8D8FD-1292-E79E-05DD-49ADA6C99FD4}"
EndProject
Project("{FAE04EC0-301F-11D3-BF4B-00C04F79EFBC}") = "app", "cosmos-sdk\07-sdk-batch\app.csproj", "{CD6D24D8-9810-206B-6D21-FB7DAAB7BD15}"
EndProject
Project("{2150E333-8FDC-42A3-9474-1A3956D46DE8}") = "08-sdk-bulk", "08-sdk-bulk", "{A4576C93-7C9A-23A7-2B60-988DE78C2B88}"
EndProject
Project("{FAE04EC0-301F-11D3-BF4B-00C04F79EFBC}") = "app", "cosmos-sdk\08-sdk-bulk\app.csproj", "{FD334DFC-C331-F645-245B-308499BDDF81}"
EndProject
Project("{2150E333-8FDC-42A3-9474-1A3956D46DE8}") = "09-execute-query-sdk", "09-execute-query-sdk", "{825EE172-D45E-4CCA-CA9B-511AB6931B00}"
EndProject
Project("{FAE04EC0-301F-11D3-BF4B-00C04F79EFBC}") = "app", "cosmos-sdk\09-execute-query-sdk\app.csproj", "{692D12A6-B851-A989-AA66-2532F0B305A9}"
EndProject
Project("{2150E333-8FDC-42A3-9474-1A3956D46DE8}") = "10-paginate-results-sdk", "10-paginate-results-sdk", "{3433937C-B82E-7A3C-803C-2348177FC04C}"
EndProject
Project("{FAE04EC0-301F-11D3-BF4B-00C04F79EFBC}") = "app", "cosmos-sdk\10-paginate-results-sdk\app.csproj", "{3169A775-8240-7446-30B6-1649EF8220FA}"
EndProject
Project("{2150E333-8FDC-42A3-9474-1A3956D46DE8}") = "12-custom-index-policy", "12-custom-index-policy", "{C8E86D42-96B4-B346-3361-CF9AA1032492}"
EndProject
Project("{FAE04EC0-301F-11D3-BF4B-00C04F79EFBC}") = "app", "cosmos-sdk\12-custom-index-policy\app.csproj", "{E7EBC572-8A66-9017-802C-803473E4E204}"
EndProject
Project("{2150E333-8FDC-42A3-9474-1A3956D46DE8}") = "13-change-feed", "13-change-feed", "{4F14D7A3-42D9-A211-0379-B2B3A7A42E2B}"
EndProject
Project("{FAE04EC0-301F-11D3-BF4B-00C04F79EFBC}") = "app", "cosmos-sdk\13-change-feed\app.csproj", "{5300AC14-ED8B-4667-9970-922C192D046B}"
EndProject
Project("{2150E333-8FDC-42A3-9474-1A3956D46DE8}") = "16-measure-performance", "16-measure-performance", "{91DE3B7A-8AC0-8BA5-54CD-77A1CC2907F9}"
EndProject
Project("{FAE04EC0-301F-11D3-BF4B-00C04F79EFBC}") = "modeling", "cosmos-sdk\16-measure-performance\modeling.csproj", "{76388321-3AFF-079F-83C6-5D3710A79B66}"
EndProject
Project("{2150E333-8FDC-42A3-9474-1A3956D46DE8}") = "17-denormalize", "17-denormalize", "{028E6B1B-C38B-D046-AC20-EBD7A2C7F3CF}"
EndProject
Project("{FAE04EC0-301F-11D3-BF4B-00C04F79EFBC}") = "modeling", "cosmos-sdk\17-denormalize\modeling.csproj", "{1F68470E-8381-F152-3881-51471C66857A}"
EndProject
Project("{2150E333-8FDC-42A3-9474-1A3956D46DE8}") = "20-sdk-regions", "20-sdk-regions", "{CA5CA377-1786-79B5-365D-99500BB6FF35}"
EndProject
Project("{FAE04EC0-301F-11D3-BF4B-00C04F79EFBC}") = "app", "cosmos-sdk\20-sdk-regions\app.csproj", "{3B7946BC-DBD2-4B20-F27E-532AED37C66F}"
EndProject
Project("{2150E333-8FDC-42A3-9474-1A3956D46DE8}") = "21-sdk-consistency-model", "21-sdk-consistency-model", "{235B19C7-CB98-5270-864B-33CE2E719844}"
EndProject
Project("{FAE04EC0-301F-11D3-BF4B-00C04F79EFBC}") = "app", "cosmos-sdk\21-sdk-consistency-model\app.csproj", "{888F6505-57F5-0F00-8FB7-B87AFA16DA1E}"
EndProject
Project("{2150E333-8FDC-42A3-9474-1A3956D46DE8}") = "22-sdk-multi-region", "22-sdk-multi-region", "{B3B72596-1787-3782-0888-E7723641492A}"
EndProject
Project("{FAE04EC0-301F-11D3-BF4B-00C04F79EFBC}") = "app", "cosmos-sdk\22-sdk-multi-region\app.csproj", "{80697413-3815-7400-41BE-8DAF05F43EFB}"
EndProject
Project("{2150E333-8FDC-42A3-9474-1A3956D46DE8}") = "23-index-optimization", "23-index-optimization", "{FB575132-13D0-FB98-66F2-9D3C4943863D}"
EndProject
Project("{FAE04EC0-301F-11D3-BF4B-00C04F79EFBC}") = "app", "cosmos-sdk\23-index-optimization\app.csproj", "{CBEFCA09-E0F3-6428-F4C0-D77D0A6D5E8B}"
EndProject
Project("{2150E333-8FDC-42A3-9474-1A3956D46DE8}") = "25-monitor", "25-monitor", "{381F9C1F-CF40-2FFA-8AD8-0AF54FC68DD0}"
EndProject
Project("{FAE04EC0-301F-11D3-BF4B-00C04F79EFBC}") = "app", "cosmos-sdk\25-monitor\app.csproj", "{8A551F89-B0CD-1641-CCA7-961C620DC217}"
EndProject
Project("{2150E333-8FDC-42A3-9474-1A3956D46DE8}") = "26-sdk-troubleshoot", "26-sdk-troubleshoot", "{ABAD50C6-965D-BA8A-2794-B4C2C7C38F68}"
EndProject
Project("{FAE04EC0-301F-11D3-BF4B-00C04F79EFBC}") = "app", "cosmos-sdk\26-sdk-troubleshoot\app.csproj", "{9A6A2997-244C-511D-3DF1-67393386F69F}"
EndProject
Project("{2150E333-8FDC-42A3-9474-1A3956D46DE8}") = "33-create-use-udf-sdk", "33-create-use-udf-sdk", "{0CEA1769-673E-77A1-916D-DFBC68E0F750}"
EndProject
Project("{FAE04EC0-301F-11D3-BF4B-00C04F79EFBC}") = "app", "cosmos-sdk\33-create-use-udf-sdk\app.csproj", "{01AF2ADB-7284-FAB2-7D74-BD2FC36BB38C}"
EndProject
Global
	GlobalSection(SolutionConfigurationPlatforms) = preSolution
		Debug|Any CPU = Debug|Any CPU
		Release|Any CPU = Release|Any CPU
	EndGlobalSection
	GlobalSection(ProjectConfigurationPlatforms) = postSolution
		{356D5FDD-B431-D37A-780A-52C4E65C4614}.Debug|Any CPU.ActiveCfg = Debug|Any CPU
		{356D5FDD-B431-D37A-780A-52C4E65C4614}.Debug|Any CPU.Build.0 = Debug|Any CPU
		{356D5FDD-B431-D37A-780A-52C4E65C4614}.Release|Any CPU.ActiveCfg = Release|Any CPU
		{356D5FDD-B431-D37A-780A-52C4E65C4614}.Release|Any CPU.Build.0 = Release|Any CPU
		{34DF5E3E-4ED7-3931-4EDB-1C69254903DC}.Debug|Any CPU.ActiveCfg = Debug|Any CPU
		{34DF5E3E-4ED7-3931-4EDB-1C69254903DC}.Debug|Any CPU.Build.0 = Debug|Any CPU
		{34DF5E3E-4ED7-3931-4EDB-1C69254903DC}.Release|Any CPU.ActiveCfg = Release|Any CPU
		{34DF5E3E-4ED7-3931-4EDB-1C69254903DC}.Release|Any CPU.Build.0 = Release|Any CPU
		{EE614271-75BF-2584-042C-F542A9CA136C}.Debug|Any CPU.ActiveCfg = Debug|Any CPU
		{EE614271-75BF-2584-042C-F542A9CA136C}.Debug|Any CPU.Build.0 = Debug|Any CPU
		{EE614271-75BF-2584-042C-F542A9CA136C}.Release|Any CPU.ActiveCfg = Release|Any CPU
		{EE614271-75BF-2584-042C-F542A9CA136C}.Release|Any CPU.Build.0 = Release|Any CPU
		{CD6D24D8-9810-206B-6D21-FB7DAAB7BD15}.Debug|Any CPU.ActiveCfg = Debug|Any CPU
		{CD6D24D8-9810-206B-6D21-FB7DAAB7BD15}.Debug|Any CPU.Build.0 = Debug|Any CPU
		{CD6D24D8-9810-206B-6D21-FB7DAAB7BD15}.Release|Any CPU.ActiveCfg = Release|Any CPU
		{CD6D24D8-9810-206B-6D21-FB7DAAB7BD15}.Release|Any CPU.Build.0 = Release|Any CPU
		{FD334DFC-C331-F645-245B-308499BDDF81}.Debug|Any CPU.ActiveCfg = Debug|Any CPU
		{FD334DFC-C331-F645-245B-308499BDDF81}.Debug|Any CPU.Build.0 = Debug|Any CPU
		{FD334DFC-C331-F645-245B-308499BDDF81}.Release|Any CPU.ActiveCfg = Release|Any CPU
		{FD334DFC-C331-F645-245B-308499BDDF81}.Release|Any CPU.Build.0 = Release|Any CPU
		{692D12A6-B851-A989-AA66-2532F0B305A9}.Debug|Any CPU.ActiveCfg = Debug|Any CPU
		{692D12A6-B851-A989-AA66-2532F0B305A9}.Debug|Any CPU.Build.0 = Debug|Any CPU
		{692D12A6-B851-A989-AA66-2532F0B305A9}.Release|Any CPU.ActiveCfg = Release|Any CPU
		{692D12A6-B851-A989-AA66-2532F0B305A9}.Release|Any CPU.Build.0 = Release|Any CPU
		{3169A775-8240-7446-30B6-1649EF8220FA}.Debug|Any CPU.ActiveCfg = Debug|Any CPU
		{3169A775-8240-7446-30B6-1649EF8220FA}.Debug|Any CPU.Build.0 = Debug|Any CPU
		{3169A775-8240-7446-30B6-1649EF8220FA}.Release|Any CPU.ActiveCfg = Release|Any CPU
		{3169A775-8240-7446-30B6-1649EF8220FA}.Release|Any CPU.Build.0 = Release|Any CPU
		{E7EBC572-8A66-9017-802C-803473E4E204}.Debug|Any CPU.ActiveCfg = Debug|Any CPU
		{E7EBC572-8A66-9017-802C-803473E4E204}.Debug|Any CPU.Build.0 = Debug|Any CPU
		{E7EBC572-8A66-9017-802C-803473E4E204}.Release|Any CPU.ActiveCfg = Release|Any CPU
		{E7EBC572-8A66-9017-802C-803473E4E204}.Release|Any CPU.Build.0 = Release|Any CPU
		{5300AC14-ED8B-4667-9970-922C192D046B}.Debug|Any CPU.ActiveCfg = Debug|Any CPU
		{5300AC14-ED8B-4667-9970-922C192D046B}.Debug|Any CPU.Build.0 = Debug|Any CPU
		{5300AC14-ED8B-4667-9970-922C192D046B}.Release|Any CPU.ActiveCfg = Release|Any CPU
		{5300AC14-ED8B-4667-9970-922C192D046B}.Release|Any CPU.Build.0 = Release|Any CPU
		{76388321-3AFF-079F-83C6-5D3710A79B66}.Debug|Any CPU.ActiveCfg = Debug|Any CPU
		{76388321-3AFF-079F-83C6-5D3710A79B66}.Debug|Any CPU.Build.0 = Debug|Any CPU
		{76388321-3AFF-079F-83C6-5D3710A79B66}.Release|Any CPU.ActiveCfg = Release|Any CPU
		{76388321-3AFF-079F-83C6-5D3710A79B66}.Release|Any CPU.Build.0 = Release|Any CPU
		{1F68470E-8381-F152-3881-51471C66857A}.Debug|Any CPU.ActiveCfg = Debug|Any CPU
		{1F68470E-8381-F152-3881-51471C66857A}.Debug|Any CPU.Build.0 = Debug|Any CPU
		{1F68470E-8381-F152-3881-51471C66857A}.Release|Any CPU.ActiveCfg = Release|Any CPU
		{1F68470E-8381-F152-3881-51471C66857A}.Release|Any CPU.Build.0 = Release|Any CPU
		{3B7946BC-DBD2-4B20-F27E-532AED37C66F}.Debug|Any CPU.ActiveCfg = Debug|Any CPU
		{3B7946BC-DBD2-4B20-F27E-532AED37C66F}.Debug|Any CPU.Build.0 = Debug|Any CPU
		{3B7946BC-DBD2-4B20-F27E-532AED37C66F}.Release|Any CPU.ActiveCfg = Release|Any CPU
		{3B7946BC-DBD2-4B20-F27E-532AED37C66F}.Release|Any CPU.Build.0 = Release|Any CPU
		{888F6505-57F5-0F00-8FB7-B87AFA16DA1E}.Debug|Any CPU.ActiveCfg = Debug|Any CPU
		{888F6505-57F5-0F00-8FB7-B87AFA16DA1E}.Debug|Any CPU.Build.0 = Debug|Any CPU
		{888F6505-57F5-0F00-8FB7-B87AFA16DA1E}.Release|Any CPU.ActiveCfg = Release|Any CPU
		{888F6505-57F5-0F00-8FB7-B87AFA16DA1E}.Release|Any CPU.Build.0 = Release|Any CPU
		{80697413-3815-7400-41BE-8DAF05F43EFB}.Debug|Any CPU.ActiveCfg = Debug|Any CPU
		{80697413-3815-7400-41BE-8DAF05F43EFB}.Debug|Any CPU.Build.0 = Debug|Any CPU
		{80697413-3815-7400-41BE-8DAF05F43EFB}.Release|Any CPU.ActiveCfg = Release|Any CPU
		{80697413-3815-7400-41BE-8DAF05F43EFB}.Release|Any CPU.Build.0 = Release|Any CPU
		{CBEFCA09-E0F3-6428-F4C0-D77D0A6D5E8B}.Debug|Any CPU.ActiveCfg = Debug|Any CPU
		{CBEFCA09-E0F3-6428-F4C0-D77D0A6D5E8B}.Debug|Any CPU.Build.0 = Debug|Any CPU
		{CBEFCA09-E0F3-6428-F4C0-D77D0A6D5E8B}.Release|Any CPU.ActiveCfg = Release|Any CPU
		{CBEFCA09-E0F3-6428-F4C0-D77D0A6D5E8B}.Release|Any CPU.Build.0 = Release|Any CPU
		{8A551F89-B0CD-1641-CCA7-961C620DC217}.Debug|Any CPU.ActiveCfg = Debug|Any CPU
		{8A551F89-B0CD-1641-CCA7-961C620DC217}.Debug|Any CPU.Build.0 = Debug|Any CPU
		{8A551F89-B0CD-1641-CCA7-961C620DC217}.Release|Any CPU.ActiveCfg = Release|Any CPU
		{8A551F89-B0CD-1641-CCA7-961C620DC217}.Release|Any CPU.Build.0 = Release|Any CPU
		{9A6A2997-244C-511D-3DF1-67393386F69F}.Debug|Any CPU.ActiveCfg = Debug|Any CPU
		{9A6A2997-244C-511D-3DF1-67393386F69F}.Debug|Any CPU.Build.0 = Debug|Any CPU
		{9A6A2997-244C-511D-3DF1-67393386F69F}.Release|Any CPU.ActiveCfg = Release|Any CPU
		{9A6A2997-244C-511D-3DF1-67393386F69F}.Release|Any CPU.Build.0 = Release|Any CPU
		{01AF2ADB-7284-FAB2-7D74-BD2FC36BB38C}.Debug|Any CPU.ActiveCfg = Debug|Any CPU
		{01AF2ADB-7284-FAB2-7D74-BD2FC36BB38C}.Debug|Any CPU.Build.0 = Debug|Any CPU
		{01AF2ADB-7284-FAB2-7D74-BD2FC36BB38C}.Release|Any CPU.ActiveCfg = Release|Any CPU
		{01AF2ADB-7284-FAB2-7D74-BD2FC36BB38C}.Release|Any CPU.Build.0 = Release|Any CPU
	EndGlobalSection
	GlobalSection(SolutionProperties) = preSolution
		HideSolutionNode = FALSE
	EndGlobalSection
	GlobalSection(NestedProjects) = preSolution
		{1469ACE8-2443-34A5-B1D2-34FD0EB495E8} = {AD773FBE-CFCA-A6EF-E9EC-7C1AB31E02D5}
		{356D5FDD-B431-D37A-780A-52C4E65C4614} = {1469ACE8-2443-34A5-B1D2-34FD0EB495E8}
		{90AAA34C-3389-EF7C-D429-1EED737E4F36} = {AD773FBE-CFCA-A6EF-E9EC-7C1AB31E02D5}
		{34DF5E3E-4ED7-3931-4EDB-1C69254903DC} = {90AAA34C-3389-EF7C-D429-1EED737E4F36}
		{5B2D8C1D-EEF5-DFDA-C4BB-C45A3B102EB5} = {AD773FBE-CFCA-A6EF-E9EC-7C1AB31E02D5}
		{EE614271-75BF-2584-042C-F542A9CA136C} = {5B2D8C1D-EEF5-DFDA-C4BB-C45A3B102EB5}
		{A0D8D8FD-1292-E79E-05DD-49ADA6C99FD4} = {AD773FBE-CFCA-A6EF-E9EC-7C1AB31E02D5}
		{CD6D24D8-9810-206B-6D21-FB7DAAB7BD15} = {A0D8D8FD-1292-E79E-05DD-49ADA6C99FD4}
		{A4576C93-7C9A-23A7-2B60-988DE78C2B88} = {AD773FBE-CFCA-A6EF-E9EC-7C1AB31E02D5}
		{FD334DFC-C331-F645-245B-308499BDDF81} = {A4576C93-7C9A-23A7-2B60-988DE78C2B88}
		{825EE172-D45E-4CCA-CA9B-511AB6931B00} = {AD773FBE-CFCA-A6EF-E9EC-7C1AB31E02D5}
		{692D12A6-B851-A989-AA66-2532F0B305A9} = {825EE172-D45E-4CCA-CA9B-511AB6931B00}
		{3433937C-B82E-7A3C-803C-2348177FC04C} = {AD773FBE-CFCA-A6EF-E9EC-7C1AB31E02D5}
		{3169A775-8240-7446-30B6-1649EF8220FA} = {3433937C-B82E-7A3C-803C-2348177FC04C}
		{C8E86D42-96B4-B346-3361-CF9AA1032492} = {AD773FBE-CFCA-A6EF-E9EC-7C1AB31E02D5}
		{E7EBC572-8A66-9017-802C-803473E4E204} = {C8E86D42-96B4-B346-3361-CF9AA1032492}
		{4F14D7A3-42D9-A211-0379-B2B3A7A42E2B} = {AD773FBE-CFCA-A6EF-E9EC-7C1AB31E02D5}
		{5300AC14-ED8B-4667-9970-922C192D046B} = {4F14D7A3-42D9-A211-0379-B2B3A7A42E2B}
		{91DE3B7A-8AC0-8BA5-54CD-77A1CC2907F9} = {AD773FBE-CFCA-A6EF-E9EC-7C1AB31E02D5}
		{76388321-3AFF-079F-83C6-5D3710A79B66} = {91DE3B7A-8AC0-8BA5-54CD-77A1CC2907F9}
		{028E6B1B-C38B-D046-AC20-EBD7A2C7F3CF} = {AD773FBE-CFCA-A6EF-E9EC-7C1AB31E02D5}
		{1F68470E-8381-F152-3881-51471C66857A} = {028E6B1B-C38B-D046-AC20-EBD7A2C7F3CF}
		{CA5CA377-1786-79B5-365D-99500BB6FF35} = {AD773FBE-CFCA-A6EF-E9EC-7C1AB31E02D5}
		{3B7946BC-DBD2-4B20-F27E-532AED37C66F} = {CA5CA377-1786-79B5-365D-99500BB6FF35}
		{235B19C7-CB98-5270-864B-33CE2E719844} = {AD773FBE-CFCA-A6EF-E9EC-7C1AB31E02D5}
		{888F6505-57F5-0F00-8FB7-B87AFA16DA1E} = {235B19C7-CB98-5270-864B-33CE2E719844}
		{B3B72596-1787-3782-0888-E7723641492A} = {AD773FBE-CFCA-A6EF-E9EC-7C1AB31E02D5}
		{80697413-3815-7400-41BE-8DAF05F43EFB} = {B3B72596-1787-3782-0888-E7723641492A}
		{FB575132-13D0-FB98-66F2-9D3C4943863D} = {AD773FBE-CFCA-A6EF-E9EC-7C1AB31E02D5}
		{CBEFCA09-E0F3-6428-F4C0-D77D0A6D5E8B} = {FB575132-13D0-FB98-66F2-9D3C4943863D}
		{381F9C1F-CF40-2FFA-8AD8-0AF54FC68DD0} = {AD773FBE-CFCA-A6EF-E9EC-7C1AB31E02D5}
		{8A551F89-B0CD-1641-CCA7-961C620DC217} = {381F9C1F-CF40-2FFA-8AD8-0AF54FC68DD0}
		{ABAD50C6-965D-BA8A-2794-B4C2C7C38F68} = {AD773FBE-CFCA-A6EF-E9EC-7C1AB31E02D5}
		{9A6A2997-244C-511D-3DF1-67393386F69F} = {ABAD50C6-965D-BA8A-2794-B4C2C7C38F68}
		{0CEA1769-673E-77A1-916D-DFBC68E0F750} = {AD773FBE-CFCA-A6EF-E9EC-7C1AB31E02D5}
		{01AF2ADB-7284-FAB2-7D74-BD2FC36BB38C} = {0CEA1769-673E-77A1-916D-DFBC68E0F750}
	EndGlobalSection
	GlobalSection(ExtensibilityGlobals) = postSolution
		SolutionGuid = {C3096C40-7B1C-4450-9C2F-4D1D36D64870}
	EndGlobalSection
EndGlobal
